
Microsoft Visual Studio Solution File, Format Version 12.00
# Visual Studio Version 16
VisualStudioVersion = 16.0.30320.27
MinimumVisualStudioVersion = 10.0.40219.1
Project("{FAE04EC0-301F-11D3-BF4B-00C04F79EFBC}") = "ChashKomponent", "ChashKomponent.csproj", "{0E09E308-069A-4A13-A972-6A20796D4829}"
EndProject
Project("{FAE04EC0-301F-11D3-BF4B-00C04F79EFBC}") = "PKpasswordLib", "..\PKpasswordLib\PKpasswordLib.csproj", "{AA9FE75D-C481-4A9C-B874-0541DC0399BD}"
EndProject
Global
	GlobalSection(SolutionConfigurationPlatforms) = preSolution
		Debug|Any CPU = Debug|Any CPU
		Release|Any CPU = Release|Any CPU
	EndGlobalSection
	GlobalSection(ProjectConfigurationPlatforms) = postSolution
		{0E09E308-069A-4A13-A972-6A20796D4829}.Debug|Any CPU.ActiveCfg = Debug|Any CPU
		{0E09E308-069A-4A13-A972-6A20796D4829}.Debug|Any CPU.Build.0 = Debug|Any CPU
		{0E09E308-069A-4A13-A972-6A20796D4829}.Release|Any CPU.ActiveCfg = Release|Any CPU
		{0E09E308-069A-4A13-A972-6A20796D4829}.Release|Any CPU.Build.0 = Release|Any CPU
		{AA9FE75D-C481-4A9C-B874-0541DC0399BD}.Debug|Any CPU.ActiveCfg = Debug|Any CPU
		{AA9FE75D-C481-4A9C-B874-0541DC0399BD}.Debug|Any CPU.Build.0 = Debug|Any CPU
		{AA9FE75D-C481-4A9C-B874-0541DC0399BD}.Release|Any CPU.ActiveCfg = Release|Any CPU
		{AA9FE75D-C481-4A9C-B874-0541DC0399BD}.Release|Any CPU.Build.0 = Release|Any CPU
	EndGlobalSection
	GlobalSection(SolutionProperties) = preSolution
		HideSolutionNode = FALSE
	EndGlobalSection
	GlobalSection(ExtensibilityGlobals) = postSolution
		SolutionGuid = {3124E76E-BDC7-47FA-86BA-4BA5E59419F8}
	EndGlobalSection
EndGlobal
